// !$*UTF8*$!
{
	archiveVersion = 1;
	classes = {
	};
	objectVersion = 46;
	objects = {

/* Begin PBXBuildFile section */
		04CA0B301F1761C400E6927A /* AppDelegate.swift in Sources */ = {isa = PBXBuildFile; fileRef = 04CA0B2F1F1761C400E6927A /* AppDelegate.swift */; };
		04CA0B321F1761C400E6927A /* ViewController.swift in Sources */ = {isa = PBXBuildFile; fileRef = 04CA0B311F1761C400E6927A /* ViewController.swift */; };
		04CA0B351F1761C400E6927A /* Main.storyboard in Resources */ = {isa = PBXBuildFile; fileRef = 04CA0B331F1761C400E6927A /* Main.storyboard */; };
		04CA0B371F1761C400E6927A /* Assets.xcassets in Resources */ = {isa = PBXBuildFile; fileRef = 04CA0B361F1761C400E6927A /* Assets.xcassets */; };
		04CA0B3A1F1761C400E6927A /* LaunchScreen.storyboard in Resources */ = {isa = PBXBuildFile; fileRef = 04CA0B381F1761C400E6927A /* LaunchScreen.storyboard */; };
		04CA0B421F1761CD00E6927A /* ComplexData.json in Resources */ = {isa = PBXBuildFile; fileRef = 04CA0B411F1761CD00E6927A /* ComplexData.json */; };
		04CA0B441F1761F000E6927A /* DataService.swift in Sources */ = {isa = PBXBuildFile; fileRef = 04CA0B431F1761F000E6927A /* DataService.swift */; };
		04CA0B461F176CA200E6927A /* Swifty.swift in Sources */ = {isa = PBXBuildFile; fileRef = 04CA0B451F176CA200E6927A /* Swifty.swift */; };
		4D56BD213F659CDBA329A7AD /* Pods_SwiftyDemo.framework in Frameworks */ = {isa = PBXBuildFile; fileRef = 4DE7BFE3ED918B822CA11FAB /* Pods_SwiftyDemo.framework */; };
/* End PBXBuildFile section */

/* Begin PBXFileReference section */
		04CA0B2C1F1761C400E6927A /* SwiftyDemo.app */ = {isa = PBXFileReference; explicitFileType = wrapper.application; includeInIndex = 0; path = SwiftyDemo.app; sourceTree = BUILT_PRODUCTS_DIR; };
		04CA0B2F1F1761C400E6927A /* AppDelegate.swift */ = {isa = PBXFileReference; lastKnownFileType = sourcecode.swift; path = AppDelegate.swift; sourceTree = "<group>"; };
		04CA0B311F1761C400E6927A /* ViewController.swift */ = {isa = PBXFileReference; lastKnownFileType = sourcecode.swift; path = ViewController.swift; sourceTree = "<group>"; };
		04CA0B341F1761C400E6927A /* Base */ = {isa = PBXFileReference; lastKnownFileType = file.storyboard; name = Base; path = Base.lproj/Main.storyboard; sourceTree = "<group>"; };
		04CA0B361F1761C400E6927A /* Assets.xcassets */ = {isa = PBXFileReference; lastKnownFileType = folder.assetcatalog; path = Assets.xcassets; sourceTree = "<group>"; };
		04CA0B391F1761C400E6927A /* Base */ = {isa = PBXFileReference; lastKnownFileType = file.storyboard; name = Base; path = Base.lproj/LaunchScreen.storyboard; sourceTree = "<group>"; };
		04CA0B3B1F1761C400E6927A /* Info.plist */ = {isa = PBXFileReference; lastKnownFileType = text.plist.xml; path = Info.plist; sourceTree = "<group>"; };
		04CA0B411F1761CD00E6927A /* ComplexData.json */ = {isa = PBXFileReference; fileEncoding = 4; lastKnownFileType = text.json; path = ComplexData.json; sourceTree = "<group>"; };
		04CA0B431F1761F000E6927A /* DataService.swift */ = {isa = PBXFileReference; fileEncoding = 4; lastKnownFileType = sourcecode.swift; name = DataService.swift; path = ../DataService.swift; sourceTree = "<group>"; };
		04CA0B451F176CA200E6927A /* Swifty.swift */ = {isa = PBXFileReference; fileEncoding = 4; lastKnownFileType = sourcecode.swift; path = Swifty.swift; sourceTree = "<group>"; };
		4DE7BFE3ED918B822CA11FAB /* Pods_SwiftyDemo.framework */ = {isa = PBXFileReference; explicitFileType = wrapper.framework; includeInIndex = 0; path = Pods_SwiftyDemo.framework; sourceTree = BUILT_PRODUCTS_DIR; };
		ABCE94212AF3134C7935364E /* Pods-SwiftyDemo.release.xcconfig */ = {isa = PBXFileReference; includeInIndex = 1; lastKnownFileType = text.xcconfig; name = "Pods-SwiftyDemo.release.xcconfig"; path = "Pods/Target Support Files/Pods-SwiftyDemo/Pods-SwiftyDemo.release.xcconfig"; sourceTree = "<group>"; };
		B03DD164CADCD0D2B76971A4 /* Pods-SwiftyDemo.debug.xcconfig */ = {isa = PBXFileReference; includeInIndex = 1; lastKnownFileType = text.xcconfig; name = "Pods-SwiftyDemo.debug.xcconfig"; path = "Pods/Target Support Files/Pods-SwiftyDemo/Pods-SwiftyDemo.debug.xcconfig"; sourceTree = "<group>"; };
/* End PBXFileReference section */

/* Begin PBXFrameworksBuildPhase section */
		04CA0B291F1761C400E6927A /* Frameworks */ = {
			isa = PBXFrameworksBuildPhase;
			buildActionMask = 2147483647;
			files = (
				4D56BD213F659CDBA329A7AD /* Pods_SwiftyDemo.framework in Frameworks */,
			);
			runOnlyForDeploymentPostprocessing = 0;
		};
/* End PBXFrameworksBuildPhase section */

/* Begin PBXGroup section */
		04CA0B231F1761C400E6927A = {
			isa = PBXGroup;
			children = (
				04CA0B2E1F1761C400E6927A /* SwiftyDemo */,
				04CA0B2D1F1761C400E6927A /* Products */,
				EB300D887092DBAA6877F09D /* Pods */,
				4D98EFD045E0115DA209CA36 /* Frameworks */,
			);
			sourceTree = "<group>";
		};
		04CA0B2D1F1761C400E6927A /* Products */ = {
			isa = PBXGroup;
			children = (
				04CA0B2C1F1761C400E6927A /* SwiftyDemo.app */,
			);
			name = Products;
			sourceTree = "<group>";
		};
		04CA0B2E1F1761C400E6927A /* SwiftyDemo */ = {
			isa = PBXGroup;
			children = (
				04CA0B2F1F1761C400E6927A /* AppDelegate.swift */,
				04CA0B311F1761C400E6927A /* ViewController.swift */,
				04CA0B451F176CA200E6927A /* Swifty.swift */,
				04CA0B411F1761CD00E6927A /* ComplexData.json */,
				04CA0B431F1761F000E6927A /* DataService.swift */,
				04CA0B331F1761C400E6927A /* Main.storyboard */,
				04CA0B361F1761C400E6927A /* Assets.xcassets */,
				04CA0B381F1761C400E6927A /* LaunchScreen.storyboard */,
				04CA0B3B1F1761C400E6927A /* Info.plist */,
			);
			path = SwiftyDemo;
			sourceTree = "<group>";
		};
		4D98EFD045E0115DA209CA36 /* Frameworks */ = {
			isa = PBXGroup;
			children = (
				4DE7BFE3ED918B822CA11FAB /* Pods_SwiftyDemo.framework */,
			);
			name = Frameworks;
			sourceTree = "<group>";
		};
		EB300D887092DBAA6877F09D /* Pods */ = {
			isa = PBXGroup;
			children = (
				B03DD164CADCD0D2B76971A4 /* Pods-SwiftyDemo.debug.xcconfig */,
				ABCE94212AF3134C7935364E /* Pods-SwiftyDemo.release.xcconfig */,
			);
			name = Pods;
			sourceTree = "<group>";
		};
/* End PBXGroup section */

/* Begin PBXNativeTarget section */
		04CA0B2B1F1761C400E6927A /* SwiftyDemo */ = {
			isa = PBXNativeTarget;
			buildConfigurationList = 04CA0B3E1F1761C400E6927A /* Build configuration list for PBXNativeTarget "SwiftyDemo" */;
			buildPhases = (
				655ADB340AB20CEF448AE0A4 /* [CP] Check Pods Manifest.lock */,
				04CA0B281F1761C400E6927A /* Sources */,
				04CA0B291F1761C400E6927A /* Frameworks */,
				04CA0B2A1F1761C400E6927A /* Resources */,
				CEF5D56928D34BE6FD98BA48 /* [CP] Embed Pods Frameworks */,
				0D9781D38EC586DB15651CB2 /* [CP] Copy Pods Resources */,
			);
			buildRules = (
			);
			dependencies = (
			);
			name = SwiftyDemo;
			productName = SwiftyDemo;
			productReference = 04CA0B2C1F1761C400E6927A /* SwiftyDemo.app */;
			productType = "com.apple.product-type.application";
		};
/* End PBXNativeTarget section */

/* Begin PBXProject section */
		04CA0B241F1761C400E6927A /* Project object */ = {
			isa = PBXProject;
			attributes = {
				LastSwiftUpdateCheck = 0820;
				LastUpgradeCheck = 0820;
				ORGANIZATIONNAME = mac;
				TargetAttributes = {
					04CA0B2B1F1761C400E6927A = {
						CreatedOnToolsVersion = 8.2;
						ProvisioningStyle = Automatic;
					};
				};
			};
			buildConfigurationList = 04CA0B271F1761C400E6927A /* Build configuration list for PBXProject "SwiftyDemo" */;
			compatibilityVersion = "Xcode 3.2";
			developmentRegion = English;
			hasScannedForEncodings = 0;
			knownRegions = (
				en,
				Base,
			);
			mainGroup = 04CA0B231F1761C400E6927A;
			productRefGroup = 04CA0B2D1F1761C400E6927A /* Products */;
			projectDirPath = "";
			projectRoot = "";
			targets = (
				04CA0B2B1F1761C400E6927A /* SwiftyDemo */,
			);
		};
/* End PBXProject section */

/* Begin PBXResourcesBuildPhase section */
		04CA0B2A1F1761C400E6927A /* Resources */ = {
			isa = PBXResourcesBuildPhase;
			buildActionMask = 2147483647;
			files = (
				04CA0B3A1F1761C400E6927A /* LaunchScreen.storyboard in Resources */,
				04CA0B371F1761C400E6927A /* Assets.xcassets in Resources */,
				04CA0B421F1761CD00E6927A /* ComplexData.json in Resources */,
				04CA0B351F1761C400E6927A /* Main.storyboard in Resources */,
			);
			runOnlyForDeploymentPostprocessing = 0;
		};
/* End PBXResourcesBuildPhase section */

/* Begin PBXShellScriptBuildPhase section */
		0D9781D38EC586DB15651CB2 /* [CP] Copy Pods Resources */ = {
			isa = PBXShellScriptBuildPhase;
			buildActionMask = 2147483647;
			files = (
			);
			inputPaths = (
			);
			name = "[CP] Copy Pods Resources";
			outputPaths = (
			);
			runOnlyForDeploymentPostprocessing = 0;
			shellPath = /bin/sh;
			shellScript = "\"${SRCROOT}/Pods/Target Support Files/Pods-SwiftyDemo/Pods-SwiftyDemo-resources.sh\"\n";
			showEnvVarsInLog = 0;
		};
		655ADB340AB20CEF448AE0A4 /* [CP] Check Pods Manifest.lock */ = {
			isa = PBXShellScriptBuildPhase;
			buildActionMask = 2147483647;
			files = (
			);
			inputPaths = (
			);
			name = "[CP] Check Pods Manifest.lock";
			outputPaths = (
			);
			runOnlyForDeploymentPostprocessing = 0;
			shellPath = /bin/sh;
			shellScript = "diff \"${PODS_PODFILE_DIR_PATH}/Podfile.lock\" \"${PODS_ROOT}/Manifest.lock\" > /dev/null\nif [ $? != 0 ] ; then\n    # print error to STDERR\n    echo \"error: The sandbox is not in sync with the Podfile.lock. Run 'pod install' or update your CocoaPods installation.\" >&2\n    exit 1\nfi\n";
			showEnvVarsInLog = 0;
		};
		CEF5D56928D34BE6FD98BA48 /* [CP] Embed Pods Frameworks */ = {
			isa = PBXShellScriptBuildPhase;
			buildActionMask = 2147483647;
			files = (
			);
			inputPaths = (
			);
			name = "[CP] Embed Pods Frameworks";
			outputPaths = (
			);
			runOnlyForDeploymentPostprocessing = 0;
			shellPath = /bin/sh;
			shellScript = "\"${SRCROOT}/Pods/Target Support Files/Pods-SwiftyDemo/Pods-SwiftyDemo-frameworks.sh\"\n";
			showEnvVarsInLog = 0;
		};
/* End PBXShellScriptBuildPhase section */

/* Begin PBXSourcesBuildPhase section */
		04CA0B281F1761C400E6927A /* Sources */ = {
			isa = PBXSourcesBuildPhase;
			buildActionMask = 2147483647;
			files = (
				04CA0B441F1761F000E6927A /* DataService.swift in Sources */,
				04CA0B461F176CA200E6927A /* Swifty.swift in Sources */,
				04CA0B321F1761C400E6927A /* ViewController.swift in Sources */,
				04CA0B301F1761C400E6927A /* AppDelegate.swift in Sources */,
			);
			runOnlyForDeploymentPostprocessing = 0;
		};
/* End PBXSourcesBuildPhase section */

/* Begin PBXVariantGroup section */
		04CA0B331F1761C400E6927A /* Main.storyboard */ = {
			isa = PBXVariantGroup;
			children = (
				04CA0B341F1761C400E6927A /* Base */,
			);
			name = Main.storyboard;
			sourceTree = "<group>";
		};
		04CA0B381F1761C400E6927A /* LaunchScreen.storyboard */ = {
			isa = PBXVariantGroup;
			children = (
				04CA0B391F1761C400E6927A /* Base */,
			);
			name = LaunchScreen.storyboard;
			sourceTree = "<group>";
		};
/* End PBXVariantGroup section */

/* Begin XCBuildConfiguration section */
		04CA0B3C1F1761C400E6927A /* Debug */ = {
			isa = XCBuildConfiguration;
			buildSettings = {
				ALWAYS_SEARCH_USER_PATHS = NO;
				CLANG_ANALYZER_NONNULL = YES;
				CLANG_CXX_LANGUAGE_STANDARD = "gnu++0x";
				CLANG_CXX_LIBRARY = "libc++";
				CLANG_ENABLE_MODULES = YES;
				CLANG_ENABLE_OBJC_ARC = YES;
				CLANG_WARN_BOOL_CONVERSION = YES;
				CLANG_WARN_CONSTANT_CONVERSION = YES;
				CLANG_WARN_DIRECT_OBJC_ISA_USAGE = YES_ERROR;
				CLANG_WARN_DOCUMENTATION_COMMENTS = YES;
				CLANG_WARN_EMPTY_BODY = YES;
				CLANG_WARN_ENUM_CONVERSION = YES;
				CLANG_WARN_INFINITE_RECURSION = YES;
				CLANG_WARN_INT_CONVERSION = YES;
				CLANG_WARN_OBJC_ROOT_CLASS = YES_ERROR;
				CLANG_WARN_SUSPICIOUS_MOVE = YES;
				CLANG_WARN_UNREACHABLE_CODE = YES;
				CLANG_WARN__DUPLICATE_METHOD_MATCH = YES;
				"CODE_SIGN_IDENTITY[sdk=iphoneos*]" = "iPhone Developer";
				COPY_PHASE_STRIP = NO;
				DEBUG_INFORMATION_FORMAT = dwarf;
				ENABLE_STRICT_OBJC_MSGSEND = YES;
				ENABLE_TESTABILITY = YES;
				GCC_C_LANGUAGE_STANDARD = gnu99;
				GCC_DYNAMIC_NO_PIC = NO;
				GCC_NO_COMMON_BLOCKS = YES;
				GCC_OPTIMIZATION_LEVEL = 0;
				GCC_PREPROCESSOR_DEFINITIONS = (
					"DEBUG=1",
					"$(inherited)",
				);
				GCC_WARN_64_TO_32_BIT_CONVERSION = YES;
				GCC_WARN_ABOUT_RETURN_TYPE = YES_ERROR;
				GCC_WARN_UNDECLARED_SELECTOR = YES;
				GCC_WARN_UNINITIALIZED_AUTOS = YES_AGGRESSIVE;
				GCC_WARN_UNUSED_FUNCTION = YES;
				GCC_WARN_UNUSED_VARIABLE = YES;
				IPHONEOS_DEPLOYMENT_TARGET = 10.2;
				MTL_ENABLE_DEBUG_INFO = YES;
				ONLY_ACTIVE_ARCH = YES;
				SDKROOT = iphoneos;
				SWIFT_ACTIVE_COMPILATION_CONDITIONS = DEBUG;
				SWIFT_OPTIMIZATION_LEVEL = "-Onone";
			};
			name = Debug;
		};
		04CA0B3D1F1761C400E6927A /* Release */ = {
			isa = XCBuildConfiguration;
			buildSettings = {
				ALWAYS_SEARCH_USER_PATHS = NO;
				CLANG_ANALYZER_NONNULL = YES;
				CLANG_CXX_LANGUAGE_STANDARD = "gnu++0x";
				CLANG_CXX_LIBRARY = "libc++";
				CLANG_ENABLE_MODULES = YES;
				CLANG_ENABLE_OBJC_ARC = YES;
				CLANG_WARN_BOOL_CONVERSION = YES;
				CLANG_WARN_CONSTANT_CONVERSION = YES;
				CLANG_WARN_DIRECT_OBJC_ISA_USAGE = YES_ERROR;
				CLANG_WARN_DOCUMENTATION_COMMENTS = YES;
				CLANG_WARN_EMPTY_BODY = YES;
				CLANG_WARN_ENUM_CONVERSION = YES;
				CLANG_WARN_INFINITE_RECURSION = YES;
				CLANG_WARN_INT_CONVERSION = YES;
				CLANG_WARN_OBJC_ROOT_CLASS = YES_ERROR;
				CLANG_WARN_SUSPICIOUS_MOVE = YES;
				CLANG_WARN_UNREACHABLE_CODE = YES;
				CLANG_WARN__DUPLICATE_METHOD_MATCH = YES;
				"CODE_SIGN_IDENTITY[sdk=iphoneos*]" = "iPhone Developer";
				COPY_PHASE_STRIP = NO;
				DEBUG_INFORMATION_FORMAT = "dwarf-with-dsym";
				ENABLE_NS_ASSERTIONS = NO;
				ENABLE_STRICT_OBJC_MSGSEND = YES;
				GCC_C_LANGUAGE_STANDARD = gnu99;
				GCC_NO_COMMON_BLOCKS = YES;
				GCC_WARN_64_TO_32_BIT_CONVERSION = YES;
				GCC_WARN_ABOUT_RETURN_TYPE = YES_ERROR;
				GCC_WARN_UNDECLARED_SELECTOR = YES;
				GCC_WARN_UNINITIALIZED_AUTOS = YES_AGGRESSIVE;
				GCC_WARN_UNUSED_FUNCTION = YES;
				GCC_WARN_UNUSED_VARIABLE = YES;
				IPHONEOS_DEPLOYMENT_TARGET = 10.2;
				MTL_ENABLE_DEBUG_INFO = NO;
				SDKROOT = iphoneos;
				SWIFT_OPTIMIZATION_LEVEL = "-Owholemodule";
				VALIDATE_PRODUCT = YES;
			};
			name = Release;
		};
		04CA0B3F1F1761C400E6927A /* Debug */ = {
			isa = XCBuildConfiguration;
			baseConfigurationReference = B03DD164CADCD0D2B76971A4 /* Pods-SwiftyDemo.debug.xcconfig */;
			buildSettings = {
				ASSETCATALOG_COMPILER_APPICON_NAME = AppIcon;
				INFOPLIST_FILE = SwiftyDemo/Info.plist;
				LD_RUNPATH_SEARCH_PATHS = "$(inherited) @executable_path/Frameworks";
				PRODUCT_BUNDLE_IDENTIFIER = jf.SwiftyDemo;
				PRODUCT_NAME = "$(TARGET_NAME)";
				SWIFT_VERSION = 3.0;
			};
			name = Debug;
		};
		04CA0B401F1761C400E6927A /* Release */ = {
			isa = XCBuildConfiguration;
			baseConfigurationReference = ABCE94212AF3134C7935364E /* Pods-SwiftyDemo.release.xcconfig */;
			buildSettings = {
				ASSETCATALOG_COMPILER_APPICON_NAME = AppIcon;
				INFOPLIST_FILE = SwiftyDemo/Info.plist;
				LD_RUNPATH_SEARCH_PATHS = "$(inherited) @executable_path/Frameworks";
				PRODUCT_BUNDLE_IDENTIFIER = jf.SwiftyDemo;
				PRODUCT_NAME = "$(TARGET_NAME)";
				SWIFT_VERSION = 3.0;
			};
			name = Release;
		};
/* End XCBuildConfiguration section */

/* Begin XCConfigurationList section */
		04CA0B271F1761C400E6927A /* Build configuration list for PBXProject "SwiftyDemo" */ = {
			isa = XCConfigurationList;
			buildConfigurations = (
				04CA0B3C1F1761C400E6927A /* Debug */,
				04CA0B3D1F1761C400E6927A /* Release */,
			);
			defaultConfigurationIsVisible = 0;
			defaultConfigurationName = Release;
		};
		04CA0B3E1F1761C400E6927A /* Build configuration list for PBXNativeTarget "SwiftyDemo" */ = {
			isa = XCConfigurationList;
			buildConfigurations = (
				04CA0B3F1F1761C400E6927A /* Debug */,
				04CA0B401F1761C400E6927A /* Release */,
			);
			defaultConfigurationIsVisible = 0;
			defaultConfigurationName = Release;
		};
/* End XCConfigurationList section */
	};
	rootObject = 04CA0B241F1761C400E6927A /* Project object */;
}
